
Microsoft Visual Studio Solution File, Format Version 12.00
# Visual Studio Version 17
VisualStudioVersion = 17.14.36717.8
MinimumVisualStudioVersion = 10.0.40219.1
Project("{2150E333-8FDC-42A3-9474-1A3956D46DE8}") = "backend", "backend", "{02EA681E-C7D8-13C7-8484-4AC65E1B71E8}"
EndProject
Project("{FAE04EC0-301F-11D3-BF4B-00C04F79EFBC}") = "API", "backend\API\API.csproj", "{7CC4A80E-248D-4DA3-9D0B-5540B2184917}"
EndProject
Project("{2150E333-8FDC-42A3-9474-1A3956D46DE8}") = "tests", "tests", "{983CBCB2-339D-4CBC-83B4-F3351FA79B63}"
EndProject
Project("{FAE04EC0-301F-11D3-BF4B-00C04F79EFBC}") = "API.Tests", "tests\API.Tests\API.Tests.csproj", "{FFDCD0EA-54A5-4AD7-8A31-1BF946A015F0}"
EndProject
Global
	GlobalSection(SolutionConfigurationPlatforms) = preSolution
		Debug|Any CPU = Debug|Any CPU
		Release|Any CPU = Release|Any CPU
	EndGlobalSection
	GlobalSection(ProjectConfigurationPlatforms) = postSolution
		{7CC4A80E-248D-4DA3-9D0B-5540B2184917}.Debug|Any CPU.ActiveCfg = Debug|Any CPU
		{7CC4A80E-248D-4DA3-9D0B-5540B2184917}.Debug|Any CPU.Build.0 = Debug|Any CPU
		{7CC4A80E-248D-4DA3-9D0B-5540B2184917}.Release|Any CPU.ActiveCfg = Release|Any CPU
		{7CC4A80E-248D-4DA3-9D0B-5540B2184917}.Release|Any CPU.Build.0 = Release|Any CPU
		{FFDCD0EA-54A5-4AD7-8A31-1BF946A015F0}.Debug|Any CPU.ActiveCfg = Debug|Any CPU
		{FFDCD0EA-54A5-4AD7-8A31-1BF946A015F0}.Debug|Any CPU.Build.0 = Debug|Any CPU
		{FFDCD0EA-54A5-4AD7-8A31-1BF946A015F0}.Release|Any CPU.ActiveCfg = Release|Any CPU
		{FFDCD0EA-54A5-4AD7-8A31-1BF946A015F0}.Release|Any CPU.Build.0 = Release|Any CPU
	EndGlobalSection
	GlobalSection(SolutionProperties) = preSolution
		HideSolutionNode = FALSE
	EndGlobalSection
	GlobalSection(NestedProjects) = preSolution
		{7CC4A80E-248D-4DA3-9D0B-5540B2184917} = {02EA681E-C7D8-13C7-8484-4AC65E1B71E8}
		{FFDCD0EA-54A5-4AD7-8A31-1BF946A015F0} = {983CBCB2-339D-4CBC-83B4-F3351FA79B63}
	EndGlobalSection
	GlobalSection(ExtensibilityGlobals) = postSolution
		SolutionGuid = {7E2560F4-1DC0-4A05-9769-7407AD6505DA}
	EndGlobalSection
EndGlobal
